// !$*UTF8*$!
{
	archiveVersion = 1;
	classes = {
	};
	objectVersion = 50;
	objects = {

/* Begin PBXBuildFile section */
		3D981D3A21766EB10018F0FE /* main.swift in Sources */ = {isa = PBXBuildFile; fileRef = 3D981D3921766EB10018F0FE /* main.swift */; };
		3D981D41217670DC0018F0FE /* Town.swift in Sources */ = {isa = PBXBuildFile; fileRef = 3D981D40217670DC0018F0FE /* Town.swift */; };
		3D981D43217673670018F0FE /* Monster.swift in Sources */ = {isa = PBXBuildFile; fileRef = 3D981D42217673670018F0FE /* Monster.swift */; };
		3D981D452176757F0018F0FE /* Zombie.swift in Sources */ = {isa = PBXBuildFile; fileRef = 3D981D442176757F0018F0FE /* Zombie.swift */; };
		3D981D49217679A20018F0FE /* Vampire.swift in Sources */ = {isa = PBXBuildFile; fileRef = 3D981D48217679A20018F0FE /* Vampire.swift */; };
/* End PBXBuildFile section */

/* Begin PBXCopyFilesBuildPhase section */
		3D981D3421766EB10018F0FE /* CopyFiles */ = {
			isa = PBXCopyFilesBuildPhase;
			buildActionMask = 2147483647;
			dstPath = /usr/share/man/man1/;
			dstSubfolderSpec = 0;
			files = (
			);
			runOnlyForDeploymentPostprocessing = 1;
		};
/* End PBXCopyFilesBuildPhase section */

/* Begin PBXFileReference section */
		3D981D3621766EB10018F0FE /* MonsterTown */ = {isa = PBXFileReference; explicitFileType = "compiled.mach-o.executable"; includeInIndex = 0; path = MonsterTown; sourceTree = BUILT_PRODUCTS_DIR; };
		3D981D3921766EB10018F0FE /* main.swift */ = {isa = PBXFileReference; lastKnownFileType = sourcecode.swift; path = main.swift; sourceTree = "<group>"; };
		3D981D40217670DC0018F0FE /* Town.swift */ = {isa = PBXFileReference; lastKnownFileType = sourcecode.swift; path = Town.swift; sourceTree = "<group>"; };
		3D981D42217673670018F0FE /* Monster.swift */ = {isa = PBXFileReference; lastKnownFileType = sourcecode.swift; path = Monster.swift; sourceTree = "<group>"; };
		3D981D442176757F0018F0FE /* Zombie.swift */ = {isa = PBXFileReference; lastKnownFileType = sourcecode.swift; path = Zombie.swift; sourceTree = "<group>"; };
		3D981D48217679A20018F0FE /* Vampire.swift */ = {isa = PBXFileReference; lastKnownFileType = sourcecode.swift; path = Vampire.swift; sourceTree = "<group>"; };
/* End PBXFileReference section */

/* Begin PBXFrameworksBuildPhase section */
		3D981D3321766EB10018F0FE /* Frameworks */ = {
			isa = PBXFrameworksBuildPhase;
			buildActionMask = 2147483647;
			files = (
			);
			runOnlyForDeploymentPostprocessing = 0;
		};
/* End PBXFrameworksBuildPhase section */

/* Begin PBXGroup section */
		3D981D2D21766EB10018F0FE = {
			isa = PBXGroup;
			children = (
				3D981D3821766EB10018F0FE /* Chp15MonsterTownStructClass */,
				3D981D3721766EB10018F0FE /* Products */,
			);
			sourceTree = "<group>";
		};
		3D981D3721766EB10018F0FE /* Products */ = {
			isa = PBXGroup;
			children = (
				3D981D3621766EB10018F0FE /* MonsterTown */,
			);
			name = Products;
			sourceTree = "<group>";
		};
		3D981D3821766EB10018F0FE /* Chp15MonsterTownStructClass */ = {
			isa = PBXGroup;
			children = (
				3D981D3921766EB10018F0FE /* main.swift */,
				3D981D42217673670018F0FE /* Monster.swift */,
				3D981D442176757F0018F0FE /* Zombie.swift */,
				3D981D40217670DC0018F0FE /* Town.swift */,
				3D981D48217679A20018F0FE /* Vampire.swift */,
			);
			path = Chp15MonsterTownStructClass;
			sourceTree = "<group>";
		};
/* End PBXGroup section */

/* Begin PBXNativeTarget section */
		3D981D3521766EB10018F0FE /* MonsterTown */ = {
			isa = PBXNativeTarget;
			buildConfigurationList = 3D981D3D21766EB10018F0FE /* Build configuration list for PBXNativeTarget "MonsterTown" */;
			buildPhases = (
				3D981D3221766EB10018F0FE /* Sources */,
				3D981D3321766EB10018F0FE /* Frameworks */,
				3D981D3421766EB10018F0FE /* CopyFiles */,
			);
			buildRules = (
			);
			dependencies = (
			);
			name = MonsterTown;
			productName = MonsterTown;
			productReference = 3D981D3621766EB10018F0FE /* MonsterTown */;
			productType = "com.apple.product-type.tool";
		};
/* End PBXNativeTarget section */

/* Begin PBXProject section */
		3D981D2E21766EB10018F0FE /* Project object */ = {
			isa = PBXProject;
			attributes = {
				LastSwiftUpdateCheck = 1000;
				LastUpgradeCheck = 1000;
				ORGANIZATIONNAME = BigNerdRanch;
				TargetAttributes = {
					3D981D3521766EB10018F0FE = {
						CreatedOnToolsVersion = 10.0;
					};
				};
			};
			buildConfigurationList = 3D981D3121766EB10018F0FE /* Build configuration list for PBXProject "MonsterTown" */;
			compatibilityVersion = "Xcode 9.3";
			developmentRegion = en;
			hasScannedForEncodings = 0;
			knownRegions = (
				en,
			);
			mainGroup = 3D981D2D21766EB10018F0FE;
			productRefGroup = 3D981D3721766EB10018F0FE /* Products */;
			projectDirPath = "";
			projectRoot = "";
			targets = (
				3D981D3521766EB10018F0FE /* MonsterTown */,
			);
		};
/* End PBXProject section */

/* Begin PBXSourcesBuildPhase section */
		3D981D3221766EB10018F0FE /* Sources */ = {
			isa = PBXSourcesBuildPhase;
			buildActionMask = 2147483647;
			files = (
				3D981D3A21766EB10018F0FE /* main.swift in Sources */,
				3D981D452176757F0018F0FE /* Zombie.swift in Sources */,
				3D981D43217673670018F0FE /* Monster.swift in Sources */,
				3D981D49217679A20018F0FE /* Vampire.swift in Sources */,
				3D981D41217670DC0018F0FE /* Town.swift in Sources */,
			);
			runOnlyForDeploymentPostprocessing = 0;
		};
/* End PBXSourcesBuildPhase section */

/* Begin XCBuildConfiguration section */
		3D981D3B21766EB10018F0FE /* Debug */ = {
			isa = XCBuildConfiguration;
			buildSettings = {
				ALWAYS_SEARCH_USER_PATHS = NO;
				CLANG_ANALYZER_NONNULL = YES;
				CLANG_ANALYZER_NUMBER_OBJECT_CONVERSION = YES_AGGRESSIVE;
				CLANG_CXX_LANGUAGE_STANDARD = "gnu++14";
				CLANG_CXX_LIBRARY = "libc++";
				CLANG_ENABLE_MODULES = YES;
				CLANG_ENABLE_OBJC_ARC = YES;
				CLANG_ENABLE_OBJC_WEAK = YES;
				CLANG_WARN_BLOCK_CAPTURE_AUTORELEASING = YES;
				CLANG_WARN_BOOL_CONVERSION = YES;
				CLANG_WARN_COMMA = YES;
				CLANG_WARN_CONSTANT_CONVERSION = YES;
				CLANG_WARN_DEPRECATED_OBJC_IMPLEMENTATIONS = YES;
				CLANG_WARN_DIRECT_OBJC_ISA_USAGE = YES_ERROR;
				CLANG_WARN_DOCUMENTATION_COMMENTS = YES;
				CLANG_WARN_EMPTY_BODY = YES;
				CLANG_WARN_ENUM_CONVERSION = YES;
				CLANG_WARN_INFINITE_RECURSION = YES;
				CLANG_WARN_INT_CONVERSION = YES;
				CLANG_WARN_NON_LITERAL_NULL_CONVERSION = YES;
				CLANG_WARN_OBJC_IMPLICIT_RETAIN_SELF = YES;
				CLANG_WARN_OBJC_LITERAL_CONVERSION = YES;
				CLANG_WARN_OBJC_ROOT_CLASS = YES_ERROR;
				CLANG_WARN_RANGE_LOOP_ANALYSIS = YES;
				CLANG_WARN_STRICT_PROTOTYPES = YES;
				CLANG_WARN_SUSPICIOUS_MOVE = YES;
				CLANG_WARN_UNGUARDED_AVAILABILITY = YES_AGGRESSIVE;
				CLANG_WARN_UNREACHABLE_CODE = YES;
				CLANG_WARN__DUPLICATE_METHOD_MATCH = YES;
				CODE_SIGN_IDENTITY = "-";
				COPY_PHASE_STRIP = NO;
				DEBUG_INFORMATION_FORMAT = dwarf;
				ENABLE_STRICT_OBJC_MSGSEND = YES;
				ENABLE_TESTABILITY = YES;
				GCC_C_LANGUAGE_STANDARD = gnu11;
				GCC_DYNAMIC_NO_PIC = NO;
				GCC_NO_COMMON_BLOCKS = YES;
				GCC_OPTIMIZATION_LEVEL = 0;
				GCC_PREPROCESSOR_DEFINITIONS = (
					"DEBUG=1",
					"$(inherited)",
				);
				GCC_WARN_64_TO_32_BIT_CONVERSION = YES;
				GCC_WARN_ABOUT_RETURN_TYPE = YES_ERROR;
				GCC_WARN_UNDECLARED_SELECTOR = YES;
				GCC_WARN_UNINITIALIZED_AUTOS = YES_AGGRESSIVE;
				GCC_WARN_UNUSED_FUNCTION = YES;
				GCC_WARN_UNUSED_VARIABLE = YES;
				MACOSX_DEPLOYMENT_TARGET = 10.13;
				MTL_ENABLE_DEBUG_INFO = INCLUDE_SOURCE;
				MTL_FAST_MATH = YES;
				ONLY_ACTIVE_ARCH = YES;
				SDKROOT = macosx;
				SWIFT_ACTIVE_COMPILATION_CONDITIONS = DEBUG;
				SWIFT_OPTIMIZATION_LEVEL = "-Onone";
			};
			name = Debug;
		};
		3D981D3C21766EB10018F0FE /* Release */ = {
			isa = XCBuildConfiguration;
			buildSettings = {
				ALWAYS_SEARCH_USER_PATHS = NO;
				CLANG_ANALYZER_NONNULL = YES;
				CLANG_ANALYZER_NUMBER_OBJECT_CONVERSION = YES_AGGRESSIVE;
				CLANG_CXX_LANGUAGE_STANDARD = "gnu++14";
				CLANG_CXX_LIBRARY = "libc++";
				CLANG_ENABLE_MODULES = YES;
				CLANG_ENABLE_OBJC_ARC = YES;
				CLANG_ENABLE_OBJC_WEAK = YES;
				CLANG_WARN_BLOCK_CAPTURE_AUTORELEASING = YES;
				CLANG_WARN_BOOL_CONVERSION = YES;
				CLANG_WARN_COMMA = YES;
				CLANG_WARN_CONSTANT_CONVERSION = YES;
				CLANG_WARN_DEPRECATED_OBJC_IMPLEMENTATIONS = YES;
				CLANG_WARN_DIRECT_OBJC_ISA_USAGE = YES_ERROR;
				CLANG_WARN_DOCUMENTATION_COMMENTS = YES;
				CLANG_WARN_EMPTY_BODY = YES;
				CLANG_WARN_ENUM_CONVERSION = YES;
				CLANG_WARN_INFINITE_RECURSION = YES;
				CLANG_WARN_INT_CONVERSION = YES;
				CLANG_WARN_NON_LITERAL_NULL_CONVERSION = YES;
				CLANG_WARN_OBJC_IMPLICIT_RETAIN_SELF = YES;
				CLANG_WARN_OBJC_LITERAL_CONVERSION = YES;
				CLANG_WARN_OBJC_ROOT_CLASS = YES_ERROR;
				CLANG_WARN_RANGE_LOOP_ANALYSIS = YES;
				CLANG_WARN_STRICT_PROTOTYPES = YES;
				CLANG_WARN_SUSPICIOUS_MOVE = YES;
				CLANG_WARN_UNGUARDED_AVAILABILITY = YES_AGGRESSIVE;
				CLANG_WARN_UNREACHABLE_CODE = YES;
				CLANG_WARN__DUPLICATE_METHOD_MATCH = YES;
				CODE_SIGN_IDENTITY = "-";
				COPY_PHASE_STRIP = NO;
				DEBUG_INFORMATION_FORMAT = "dwarf-with-dsym";
				ENABLE_NS_ASSERTIONS = NO;
				ENABLE_STRICT_OBJC_MSGSEND = YES;
				GCC_C_LANGUAGE_STANDARD = gnu11;
				GCC_NO_COMMON_BLOCKS = YES;
				GCC_WARN_64_TO_32_BIT_CONVERSION = YES;
				GCC_WARN_ABOUT_RETURN_TYPE = YES_ERROR;
				GCC_WARN_UNDECLARED_SELECTOR = YES;
				GCC_WARN_UNINITIALIZED_AUTOS = YES_AGGRESSIVE;
				GCC_WARN_UNUSED_FUNCTION = YES;
				GCC_WARN_UNUSED_VARIABLE = YES;
				MACOSX_DEPLOYMENT_TARGET = 10.13;
				MTL_ENABLE_DEBUG_INFO = NO;
				MTL_FAST_MATH = YES;
				SDKROOT = macosx;
				SWIFT_COMPILATION_MODE = wholemodule;
				SWIFT_OPTIMIZATION_LEVEL = "-O";
			};
			name = Release;
		};
		3D981D3E21766EB10018F0FE /* Debug */ = {
			isa = XCBuildConfiguration;
			buildSettings = {
				CODE_SIGN_STYLE = Automatic;
				PRODUCT_NAME = "$(TARGET_NAME)";
				SWIFT_VERSION = 4.2;
			};
			name = Debug;
		};
		3D981D3F21766EB10018F0FE /* Release */ = {
			isa = XCBuildConfiguration;
			buildSettings = {
				CODE_SIGN_STYLE = Automatic;
				PRODUCT_NAME = "$(TARGET_NAME)";
				SWIFT_VERSION = 4.2;
			};
			name = Release;
		};
/* End XCBuildConfiguration section */

/* Begin XCConfigurationList section */
		3D981D3121766EB10018F0FE /* Build configuration list for PBXProject "MonsterTown" */ = {
			isa = XCConfigurationList;
			buildConfigurations = (
				3D981D3B21766EB10018F0FE /* Debug */,
				3D981D3C21766EB10018F0FE /* Release */,
			);
			defaultConfigurationIsVisible = 0;
			defaultConfigurationName = Release;
		};
		3D981D3D21766EB10018F0FE /* Build configuration list for PBXNativeTarget "MonsterTown" */ = {
			isa = XCConfigurationList;
			buildConfigurations = (
				3D981D3E21766EB10018F0FE /* Debug */,
				3D981D3F21766EB10018F0FE /* Release */,
			);
			defaultConfigurationIsVisible = 0;
			defaultConfigurationName = Release;
		};
/* End XCConfigurationList section */
	};
	rootObject = 3D981D2E21766EB10018F0FE /* Project object */;
}
